
Microsoft Visual Studio Solution File, Format Version 12.00
# Visual Studio 15
VisualStudioVersion = 15.0.28307.329
MinimumVisualStudioVersion = 10.0.40219.1
Project("{FAE04EC0-301F-11D3-BF4B-00C04F79EFBC}") = "DevOps-HandsOn", "DevOps-HandsOn\DevOps-HandsOn.csproj", "{9FEF0737-804B-4597-BF3E-4912C51B958F}"
EndProject
Global
	GlobalSection(SolutionConfigurationPlatforms) = preSolution
		Debug|Any CPU = Debug|Any CPU
		Release|Any CPU = Release|Any CPU
	EndGlobalSection
	GlobalSection(ProjectConfigurationPlatforms) = postSolution
		{9FEF0737-804B-4597-BF3E-4912C51B958F}.Debug|Any CPU.ActiveCfg = Debug|Any CPU
		{9FEF0737-804B-4597-BF3E-4912C51B958F}.Debug|Any CPU.Build.0 = Debug|Any CPU
		{9FEF0737-804B-4597-BF3E-4912C51B958F}.Release|Any CPU.ActiveCfg = Release|Any CPU
		{9FEF0737-804B-4597-BF3E-4912C51B958F}.Release|Any CPU.Build.0 = Release|Any CPU
	EndGlobalSection
	GlobalSection(SolutionProperties) = preSolution
		HideSolutionNode = FALSE
	EndGlobalSection
	GlobalSection(ExtensibilityGlobals) = postSolution
		SolutionGuid = {8B731513-2A32-44FD-8119-C6ACFF11CF00}
	EndGlobalSection
EndGlobal
